// !$*UTF8*$!
{
	archiveVersion = 1;
	classes = {
	};
	objectVersion = 50;
	objects = {

/* Begin PBXBuildFile section */
		8232BB8C23B153C7007A1617 /* AppDelegate.swift in Sources */ = {isa = PBXBuildFile; fileRef = 8232BB8B23B153C7007A1617 /* AppDelegate.swift */; };
		8232BB8E23B153C7007A1617 /* ViewController.swift in Sources */ = {isa = PBXBuildFile; fileRef = 8232BB8D23B153C7007A1617 /* ViewController.swift */; };
		8232BB9023B153CA007A1617 /* Assets.xcassets in Resources */ = {isa = PBXBuildFile; fileRef = 8232BB8F23B153CA007A1617 /* Assets.xcassets */; };
		8232BB9323B153CB007A1617 /* Main.storyboard in Resources */ = {isa = PBXBuildFile; fileRef = 8232BB9123B153CB007A1617 /* Main.storyboard */; };
		826F8B5923B16861004BC003 /* Flowers.swift in Sources */ = {isa = PBXBuildFile; fileRef = 826F8B5723B16861004BC003 /* Flowers.swift */; };
		826F8B5A23B16861004BC003 /* Flowers.xib in Resources */ = {isa = PBXBuildFile; fileRef = 826F8B5823B16861004BC003 /* Flowers.xib */; };
/* End PBXBuildFile section */

/* Begin PBXFileReference section */
		8232BB8823B153C7007A1617 /* GridViewApp.app */ = {isa = PBXFileReference; explicitFileType = wrapper.application; includeInIndex = 0; path = GridViewApp.app; sourceTree = BUILT_PRODUCTS_DIR; };
		8232BB8B23B153C7007A1617 /* AppDelegate.swift */ = {isa = PBXFileReference; lastKnownFileType = sourcecode.swift; path = AppDelegate.swift; sourceTree = "<group>"; };
		8232BB8D23B153C7007A1617 /* ViewController.swift */ = {isa = PBXFileReference; lastKnownFileType = sourcecode.swift; path = ViewController.swift; sourceTree = "<group>"; };
		8232BB8F23B153CA007A1617 /* Assets.xcassets */ = {isa = PBXFileReference; lastKnownFileType = folder.assetcatalog; path = Assets.xcassets; sourceTree = "<group>"; };
		8232BB9223B153CB007A1617 /* Base */ = {isa = PBXFileReference; lastKnownFileType = file.storyboard; name = Base; path = Base.lproj/Main.storyboard; sourceTree = "<group>"; };
		8232BB9423B153CB007A1617 /* Info.plist */ = {isa = PBXFileReference; lastKnownFileType = text.plist.xml; path = Info.plist; sourceTree = "<group>"; };
		8232BB9523B153CB007A1617 /* GridViewApp.entitlements */ = {isa = PBXFileReference; lastKnownFileType = text.plist.entitlements; path = GridViewApp.entitlements; sourceTree = "<group>"; };
		826F8B5723B16861004BC003 /* Flowers.swift */ = {isa = PBXFileReference; lastKnownFileType = sourcecode.swift; path = Flowers.swift; sourceTree = "<group>"; };
		826F8B5823B16861004BC003 /* Flowers.xib */ = {isa = PBXFileReference; lastKnownFileType = file.xib; path = Flowers.xib; sourceTree = "<group>"; };
/* End PBXFileReference section */

/* Begin PBXFrameworksBuildPhase section */
		8232BB8523B153C7007A1617 /* Frameworks */ = {
			isa = PBXFrameworksBuildPhase;
			buildActionMask = 2147483647;
			files = (
			);
			runOnlyForDeploymentPostprocessing = 0;
		};
/* End PBXFrameworksBuildPhase section */

/* Begin PBXGroup section */
		8232BB7F23B153C7007A1617 = {
			isa = PBXGroup;
			children = (
				8232BB8A23B153C7007A1617 /* GridViewApp */,
				8232BB8923B153C7007A1617 /* Products */,
			);
			sourceTree = "<group>";
		};
		8232BB8923B153C7007A1617 /* Products */ = {
			isa = PBXGroup;
			children = (
				8232BB8823B153C7007A1617 /* GridViewApp.app */,
			);
			name = Products;
			sourceTree = "<group>";
		};
		8232BB8A23B153C7007A1617 /* GridViewApp */ = {
			isa = PBXGroup;
			children = (
				8232BB9D23B153FB007A1617 /* View */,
				8232BB9C23B153EC007A1617 /* Controller */,
				8232BB9B23B153D5007A1617 /* Supporting Files */,
			);
			path = GridViewApp;
			sourceTree = "<group>";
		};
		8232BB9B23B153D5007A1617 /* Supporting Files */ = {
			isa = PBXGroup;
			children = (
				8232BB9423B153CB007A1617 /* Info.plist */,
				8232BB9523B153CB007A1617 /* GridViewApp.entitlements */,
				8232BB8F23B153CA007A1617 /* Assets.xcassets */,
			);
			path = "Supporting Files";
			sourceTree = "<group>";
		};
		8232BB9C23B153EC007A1617 /* Controller */ = {
			isa = PBXGroup;
			children = (
				8232BB8B23B153C7007A1617 /* AppDelegate.swift */,
				8232BB8D23B153C7007A1617 /* ViewController.swift */,
				826F8B5723B16861004BC003 /* Flowers.swift */,
			);
			path = Controller;
			sourceTree = "<group>";
		};
		8232BB9D23B153FB007A1617 /* View */ = {
			isa = PBXGroup;
			children = (
				8232BB9123B153CB007A1617 /* Main.storyboard */,
				826F8B5823B16861004BC003 /* Flowers.xib */,
			);
			path = View;
			sourceTree = "<group>";
		};
/* End PBXGroup section */

/* Begin PBXNativeTarget section */
		8232BB8723B153C7007A1617 /* GridViewApp */ = {
			isa = PBXNativeTarget;
			buildConfigurationList = 8232BB9823B153CB007A1617 /* Build configuration list for PBXNativeTarget "GridViewApp" */;
			buildPhases = (
				8232BB8423B153C7007A1617 /* Sources */,
				8232BB8523B153C7007A1617 /* Frameworks */,
				8232BB8623B153C7007A1617 /* Resources */,
			);
			buildRules = (
			);
			dependencies = (
			);
			name = GridViewApp;
			productName = GridViewApp;
			productReference = 8232BB8823B153C7007A1617 /* GridViewApp.app */;
			productType = "com.apple.product-type.application";
		};
/* End PBXNativeTarget section */

/* Begin PBXProject section */
		8232BB8023B153C7007A1617 /* Project object */ = {
			isa = PBXProject;
			attributes = {
				LastSwiftUpdateCheck = 1110;
				LastUpgradeCheck = 1110;
				ORGANIZATIONNAME = "Esmaeil MIRZAEE";
				TargetAttributes = {
					8232BB8723B153C7007A1617 = {
						CreatedOnToolsVersion = 11.1;
					};
				};
			};
			buildConfigurationList = 8232BB8323B153C7007A1617 /* Build configuration list for PBXProject "GridViewApp" */;
			compatibilityVersion = "Xcode 9.3";
			developmentRegion = en;
			hasScannedForEncodings = 0;
			knownRegions = (
				en,
				Base,
			);
			mainGroup = 8232BB7F23B153C7007A1617;
			productRefGroup = 8232BB8923B153C7007A1617 /* Products */;
			projectDirPath = "";
			projectRoot = "";
			targets = (
				8232BB8723B153C7007A1617 /* GridViewApp */,
			);
		};
/* End PBXProject section */

/* Begin PBXResourcesBuildPhase section */
		8232BB8623B153C7007A1617 /* Resources */ = {
			isa = PBXResourcesBuildPhase;
			buildActionMask = 2147483647;
			files = (
				8232BB9023B153CA007A1617 /* Assets.xcassets in Resources */,
				8232BB9323B153CB007A1617 /* Main.storyboard in Resources */,
				826F8B5A23B16861004BC003 /* Flowers.xib in Resources */,
			);
			runOnlyForDeploymentPostprocessing = 0;
		};
/* End PBXResourcesBuildPhase section */

/* Begin PBXSourcesBuildPhase section */
		8232BB8423B153C7007A1617 /* Sources */ = {
			isa = PBXSourcesBuildPhase;
			buildActionMask = 2147483647;
			files = (
				826F8B5923B16861004BC003 /* Flowers.swift in Sources */,
				8232BB8E23B153C7007A1617 /* ViewController.swift in Sources */,
				8232BB8C23B153C7007A1617 /* AppDelegate.swift in Sources */,
			);
			runOnlyForDeploymentPostprocessing = 0;
		};
/* End PBXSourcesBuildPhase section */

/* Begin PBXVariantGroup section */
		8232BB9123B153CB007A1617 /* Main.storyboard */ = {
			isa = PBXVariantGroup;
			children = (
				8232BB9223B153CB007A1617 /* Base */,
			);
			name = Main.storyboard;
			sourceTree = "<group>";
		};
/* End PBXVariantGroup section */

/* Begin XCBuildConfiguration section */
		8232BB9623B153CB007A1617 /* Debug */ = {
			isa = XCBuildConfiguration;
			buildSettings = {
				ALWAYS_SEARCH_USER_PATHS = NO;
				CLANG_ANALYZER_NONNULL = YES;
				CLANG_ANALYZER_NUMBER_OBJECT_CONVERSION = YES_AGGRESSIVE;
				CLANG_CXX_LANGUAGE_STANDARD = "gnu++14";
				CLANG_CXX_LIBRARY = "libc++";
				CLANG_ENABLE_MODULES = YES;
				CLANG_ENABLE_OBJC_ARC = YES;
				CLANG_ENABLE_OBJC_WEAK = YES;
				CLANG_WARN_BLOCK_CAPTURE_AUTORELEASING = YES;
				CLANG_WARN_BOOL_CONVERSION = YES;
				CLANG_WARN_COMMA = YES;
				CLANG_WARN_CONSTANT_CONVERSION = YES;
				CLANG_WARN_DEPRECATED_OBJC_IMPLEMENTATIONS = YES;
				CLANG_WARN_DIRECT_OBJC_ISA_USAGE = YES_ERROR;
				CLANG_WARN_DOCUMENTATION_COMMENTS = YES;
				CLANG_WARN_EMPTY_BODY = YES;
				CLANG_WARN_ENUM_CONVERSION = YES;
				CLANG_WARN_INFINITE_RECURSION = YES;
				CLANG_WARN_INT_CONVERSION = YES;
				CLANG_WARN_NON_LITERAL_NULL_CONVERSION = YES;
				CLANG_WARN_OBJC_IMPLICIT_RETAIN_SELF = YES;
				CLANG_WARN_OBJC_LITERAL_CONVERSION = YES;
				CLANG_WARN_OBJC_ROOT_CLASS = YES_ERROR;
				CLANG_WARN_RANGE_LOOP_ANALYSIS = YES;
				CLANG_WARN_STRICT_PROTOTYPES = YES;
				CLANG_WARN_SUSPICIOUS_MOVE = YES;
				CLANG_WARN_UNGUARDED_AVAILABILITY = YES_AGGRESSIVE;
				CLANG_WARN_UNREACHABLE_CODE = YES;
				CLANG_WARN__DUPLICATE_METHOD_MATCH = YES;
				COPY_PHASE_STRIP = NO;
				DEBUG_INFORMATION_FORMAT = dwarf;
				ENABLE_STRICT_OBJC_MSGSEND = YES;
				ENABLE_TESTABILITY = YES;
				GCC_C_LANGUAGE_STANDARD = gnu11;
				GCC_DYNAMIC_NO_PIC = NO;
				GCC_NO_COMMON_BLOCKS = YES;
				GCC_OPTIMIZATION_LEVEL = 0;
				GCC_PREPROCESSOR_DEFINITIONS = (
					"DEBUG=1",
					"$(inherited)",
				);
				GCC_WARN_64_TO_32_BIT_CONVERSION = YES;
				GCC_WARN_ABOUT_RETURN_TYPE = YES_ERROR;
				GCC_WARN_UNDECLARED_SELECTOR = YES;
				GCC_WARN_UNINITIALIZED_AUTOS = YES_AGGRESSIVE;
				GCC_WARN_UNUSED_FUNCTION = YES;
				GCC_WARN_UNUSED_VARIABLE = YES;
				MACOSX_DEPLOYMENT_TARGET = 10.15;
				MTL_ENABLE_DEBUG_INFO = INCLUDE_SOURCE;
				MTL_FAST_MATH = YES;
				ONLY_ACTIVE_ARCH = YES;
				SDKROOT = macosx;
				SWIFT_ACTIVE_COMPILATION_CONDITIONS = DEBUG;
				SWIFT_OPTIMIZATION_LEVEL = "-Onone";
			};
			name = Debug;
		};
		8232BB9723B153CB007A1617 /* Release */ = {
			isa = XCBuildConfiguration;
			buildSettings = {
				ALWAYS_SEARCH_USER_PATHS = NO;
				CLANG_ANALYZER_NONNULL = YES;
				CLANG_ANALYZER_NUMBER_OBJECT_CONVERSION = YES_AGGRESSIVE;
				CLANG_CXX_LANGUAGE_STANDARD = "gnu++14";
				CLANG_CXX_LIBRARY = "libc++";
				CLANG_ENABLE_MODULES = YES;
				CLANG_ENABLE_OBJC_ARC = YES;
				CLANG_ENABLE_OBJC_WEAK = YES;
				CLANG_WARN_BLOCK_CAPTURE_AUTORELEASING = YES;
				CLANG_WARN_BOOL_CONVERSION = YES;
				CLANG_WARN_COMMA = YES;
				CLANG_WARN_CONSTANT_CONVERSION = YES;
				CLANG_WARN_DEPRECATED_OBJC_IMPLEMENTATIONS = YES;
				CLANG_WARN_DIRECT_OBJC_ISA_USAGE = YES_ERROR;
				CLANG_WARN_DOCUMENTATION_COMMENTS = YES;
				CLANG_WARN_EMPTY_BODY = YES;
				CLANG_WARN_ENUM_CONVERSION = YES;
				CLANG_WARN_INFINITE_RECURSION = YES;
				CLANG_WARN_INT_CONVERSION = YES;
				CLANG_WARN_NON_LITERAL_NULL_CONVERSION = YES;
				CLANG_WARN_OBJC_IMPLICIT_RETAIN_SELF = YES;
				CLANG_WARN_OBJC_LITERAL_CONVERSION = YES;
				CLANG_WARN_OBJC_ROOT_CLASS = YES_ERROR;
				CLANG_WARN_RANGE_LOOP_ANALYSIS = YES;
				CLANG_WARN_STRICT_PROTOTYPES = YES;
				CLANG_WARN_SUSPICIOUS_MOVE = YES;
				CLANG_WARN_UNGUARDED_AVAILABILITY = YES_AGGRESSIVE;
				CLANG_WARN_UNREACHABLE_CODE = YES;
				CLANG_WARN__DUPLICATE_METHOD_MATCH = YES;
				COPY_PHASE_STRIP = NO;
				DEBUG_INFORMATION_FORMAT = "dwarf-with-dsym";
				ENABLE_NS_ASSERTIONS = NO;
				ENABLE_STRICT_OBJC_MSGSEND = YES;
				GCC_C_LANGUAGE_STANDARD = gnu11;
				GCC_NO_COMMON_BLOCKS = YES;
				GCC_WARN_64_TO_32_BIT_CONVERSION = YES;
				GCC_WARN_ABOUT_RETURN_TYPE = YES_ERROR;
				GCC_WARN_UNDECLARED_SELECTOR = YES;
				GCC_WARN_UNINITIALIZED_AUTOS = YES_AGGRESSIVE;
				GCC_WARN_UNUSED_FUNCTION = YES;
				GCC_WARN_UNUSED_VARIABLE = YES;
				MACOSX_DEPLOYMENT_TARGET = 10.15;
				MTL_ENABLE_DEBUG_INFO = NO;
				MTL_FAST_MATH = YES;
				SDKROOT = macosx;
				SWIFT_COMPILATION_MODE = wholemodule;
				SWIFT_OPTIMIZATION_LEVEL = "-O";
			};
			name = Release;
		};
		8232BB9923B153CB007A1617 /* Debug */ = {
			isa = XCBuildConfiguration;
			buildSettings = {
				ASSETCATALOG_COMPILER_APPICON_NAME = AppIcon;
				CODE_SIGN_ENTITLEMENTS = "GridViewApp/Supporting Files/GridViewApp.entitlements";
				CODE_SIGN_STYLE = Automatic;
				COMBINE_HIDPI_IMAGES = YES;
				INFOPLIST_FILE = "GridViewApp/Supporting Files/Info.plist";
				LD_RUNPATH_SEARCH_PATHS = (
					"$(inherited)",
					"@executable_path/../Frameworks",
				);
				PRODUCT_BUNDLE_IDENTIFIER = com.yinc.GridViewApp;
				PRODUCT_NAME = "$(TARGET_NAME)";
				SWIFT_VERSION = 5.0;
			};
			name = Debug;
		};
		8232BB9A23B153CB007A1617 /* Release */ = {
			isa = XCBuildConfiguration;
			buildSettings = {
				ASSETCATALOG_COMPILER_APPICON_NAME = AppIcon;
				CODE_SIGN_ENTITLEMENTS = "GridViewApp/Supporting Files/GridViewApp.entitlements";
				CODE_SIGN_STYLE = Automatic;
				COMBINE_HIDPI_IMAGES = YES;
				INFOPLIST_FILE = "GridViewApp/Supporting Files/Info.plist";
				LD_RUNPATH_SEARCH_PATHS = (
					"$(inherited)",
					"@executable_path/../Frameworks",
				);
				PRODUCT_BUNDLE_IDENTIFIER = com.yinc.GridViewApp;
				PRODUCT_NAME = "$(TARGET_NAME)";
				SWIFT_VERSION = 5.0;
			};
			name = Release;
		};
/* End XCBuildConfiguration section */

/* Begin XCConfigurationList section */
		8232BB8323B153C7007A1617 /* Build configuration list for PBXProject "GridViewApp" */ = {
			isa = XCConfigurationList;
			buildConfigurations = (
				8232BB9623B153CB007A1617 /* Debug */,
				8232BB9723B153CB007A1617 /* Release */,
			);
			defaultConfigurationIsVisible = 0;
			defaultConfigurationName = Release;
		};
		8232BB9823B153CB007A1617 /* Build configuration list for PBXNativeTarget "GridViewApp" */ = {
			isa = XCConfigurationList;
			buildConfigurations = (
				8232BB9923B153CB007A1617 /* Debug */,
				8232BB9A23B153CB007A1617 /* Release */,
			);
			defaultConfigurationIsVisible = 0;
			defaultConfigurationName = Release;
		};
/* End XCConfigurationList section */
	};
	rootObject = 8232BB8023B153C7007A1617 /* Project object */;
}
